
Microsoft Visual Studio Solution File, Format Version 12.00
# Visual Studio Version 16
VisualStudioVersion = 16.0.29709.97
MinimumVisualStudioVersion = 10.0.40219.1
Project("{FAE04EC0-301F-11D3-BF4B-00C04F79EFBC}") = "MonoGameServer", "MonoGameServer\MonoGameServer.csproj", "{1AFD40C2-F48D-41A0-B140-B03F62FC5B8B}"
EndProject
Project("{FAE04EC0-301F-11D3-BF4B-00C04F79EFBC}") = "DataClasses", "DataClasses\DataClasses.csproj", "{7F669265-A6D5-474B-A54A-26E55155D8C6}"
EndProject
Project("{FAE04EC0-301F-11D3-BF4B-00C04F79EFBC}") = "CLWebAPIClient", "CLWebAPIClient\CLWebAPIClient.csproj", "{177228DC-9378-45E5-9777-C6E8E18C250E}"
EndProject
Project("{FAE04EC0-301F-11D3-BF4B-00C04F79EFBC}") = "ConsoleWebAPIClient", "ConsoleWebAPIClient\ConsoleWebAPIClient.csproj", "{94584FBC-B15C-4D21-B100-63C7F7FA87FB}"
EndProject
Project("{FAE04EC0-301F-11D3-BF4B-00C04F79EFBC}") = "WpfClient", "WpfClient\WpfClient.csproj", "{846BF035-153C-483D-9169-7A892289B332}"
EndProject
Global
	GlobalSection(SolutionConfigurationPlatforms) = preSolution
		Debug|Any CPU = Debug|Any CPU
		Release|Any CPU = Release|Any CPU
	EndGlobalSection
	GlobalSection(ProjectConfigurationPlatforms) = postSolution
		{1AFD40C2-F48D-41A0-B140-B03F62FC5B8B}.Debug|Any CPU.ActiveCfg = Debug|Any CPU
		{1AFD40C2-F48D-41A0-B140-B03F62FC5B8B}.Debug|Any CPU.Build.0 = Debug|Any CPU
		{1AFD40C2-F48D-41A0-B140-B03F62FC5B8B}.Release|Any CPU.ActiveCfg = Release|Any CPU
		{1AFD40C2-F48D-41A0-B140-B03F62FC5B8B}.Release|Any CPU.Build.0 = Release|Any CPU
		{7F669265-A6D5-474B-A54A-26E55155D8C6}.Debug|Any CPU.ActiveCfg = Debug|Any CPU
		{7F669265-A6D5-474B-A54A-26E55155D8C6}.Debug|Any CPU.Build.0 = Debug|Any CPU
		{7F669265-A6D5-474B-A54A-26E55155D8C6}.Release|Any CPU.ActiveCfg = Release|Any CPU
		{7F669265-A6D5-474B-A54A-26E55155D8C6}.Release|Any CPU.Build.0 = Release|Any CPU
		{177228DC-9378-45E5-9777-C6E8E18C250E}.Debug|Any CPU.ActiveCfg = Debug|Any CPU
		{177228DC-9378-45E5-9777-C6E8E18C250E}.Debug|Any CPU.Build.0 = Debug|Any CPU
		{177228DC-9378-45E5-9777-C6E8E18C250E}.Release|Any CPU.ActiveCfg = Release|Any CPU
		{177228DC-9378-45E5-9777-C6E8E18C250E}.Release|Any CPU.Build.0 = Release|Any CPU
		{94584FBC-B15C-4D21-B100-63C7F7FA87FB}.Debug|Any CPU.ActiveCfg = Debug|Any CPU
		{94584FBC-B15C-4D21-B100-63C7F7FA87FB}.Debug|Any CPU.Build.0 = Debug|Any CPU
		{94584FBC-B15C-4D21-B100-63C7F7FA87FB}.Release|Any CPU.ActiveCfg = Release|Any CPU
		{94584FBC-B15C-4D21-B100-63C7F7FA87FB}.Release|Any CPU.Build.0 = Release|Any CPU
		{846BF035-153C-483D-9169-7A892289B332}.Debug|Any CPU.ActiveCfg = Debug|Any CPU
		{846BF035-153C-483D-9169-7A892289B332}.Debug|Any CPU.Build.0 = Debug|Any CPU
		{846BF035-153C-483D-9169-7A892289B332}.Release|Any CPU.ActiveCfg = Release|Any CPU
		{846BF035-153C-483D-9169-7A892289B332}.Release|Any CPU.Build.0 = Release|Any CPU
	EndGlobalSection
	GlobalSection(SolutionProperties) = preSolution
		HideSolutionNode = FALSE
	EndGlobalSection
	GlobalSection(ExtensibilityGlobals) = postSolution
		SolutionGuid = {0973ED88-8538-4417-B0F0-9B635B6F68BE}
	EndGlobalSection
EndGlobal
